{
	"name": "electrical-company",
	"version": "1.0.0",
	"lockfileVersion": 3,
	"requires": true,
	"packages": {
		"": {
			"name": "electrical-company",
			"version": "1.0.0",
			"dependencies": {
				"tctx": "^0.2.3"
			},
			"devDependencies": {
				"@types/node": "^22.5.4",
				"typescript": "^5.3.3"
			}
		},
		"node_modules/@lukeed/csprng": {
			"version": "1.1.0",
			"resolved": "https://registry.npmjs.org/@lukeed/csprng/-/csprng-1.1.0.tgz",
			"integrity": "sha512-Z7C/xXCiGWsg0KuKsHTKJxbWhpI3Vs5GwLfOean7MGyVFGqdRgBbAjOCh6u4bbjPc/8MJ2pZmK/0DLdCbivLDA==",
			"engines": {
				"node": ">=8"
			}
		},
		"node_modules/@types/node": {
			"version": "22.5.4",
			"resolved": "https://registry.npmjs.org/@types/node/-/node-22.5.4.tgz",
			"integrity": "sha512-FDuKUJQm/ju9fT/SeX/6+gBzoPzlVCzfzmGkwKvRHQVxi4BntVbyIwf6a4Xn62mrvndLiml6z/UBXIdEVjQLXg==",
			"dev": true,
			"license": "MIT",
			"dependencies": {
				"undici-types": "~6.19.2"
			}
		},
		"node_modules/tctx": {
			"version": "0.2.3",
			"resolved": "https://registry.npmjs.org/tctx/-/tctx-0.2.3.tgz",
			"integrity": "sha512-R2RLlLKBI6BijY44UeB62QRwhYU9qWGWB9Hvc+KJuRUr/XWkton5AfXyBSC5zjJtszuPrDebh11aSwMTxBdNYg==",
			"license": "MIT",
			"dependencies": {
				"@lukeed/csprng": "^1"
			}
		},
		"node_modules/typescript": {
			"version": "5.3.3",
			"resolved": "https://registry.npmjs.org/typescript/-/typescript-5.3.3.tgz",
			"integrity": "sha512-pXWcraxM0uxAS+tN0AG/BF2TyqmHO014Z070UsJ+pFvYuRSq8KH8DmWpnbXe0pEPDHXZV3FcAbJkijJ5oNEnWw==",
			"dev": true,
			"bin": {
				"tsc": "bin/tsc",
				"tsserver": "bin/tsserver"
			},
			"engines": {
				"node": ">=14.17"
			}
		},
		"node_modules/undici-types": {
			"version": "6.19.8",
			"resolved": "https://registry.npmjs.org/undici-types/-/undici-types-6.19.8.tgz",
			"integrity": "sha512-ve2KP6f/JnbPBFyobGHuerC9g1FYGn/F8n1LWTwNxCEzd6IfqTwUQcNXgEtmmQ6DlRrC1hrSrBnCZPokRrDHjw==",
			"dev": true,
			"license": "MIT"
		}
	}
}
